
Microsoft Visual Studio Solution File, Format Version 12.00
# Visual Studio Version 17
VisualStudioVersion = 17.8.34322.80
MinimumVisualStudioVersion = 10.0.40219.1
Project("{FAE04EC0-301F-11D3-BF4B-00C04F79EFBC}") = "Neverminder", "Neverminder\Neverminder.csproj", "{7F20AF56-EC1F-459A-A6AE-2BF9161E59B3}"
EndProject
Global
	GlobalSection(SolutionConfigurationPlatforms) = preSolution
		Debug|Any CPU = Debug|Any CPU
		Release|Any CPU = Release|Any CPU
	EndGlobalSection
	GlobalSection(ProjectConfigurationPlatforms) = postSolution
		{7F20AF56-EC1F-459A-A6AE-2BF9161E59B3}.Debug|Any CPU.ActiveCfg = Debug|Any CPU
		{7F20AF56-EC1F-459A-A6AE-2BF9161E59B3}.Debug|Any CPU.Build.0 = Debug|Any CPU
		{7F20AF56-EC1F-459A-A6AE-2BF9161E59B3}.Release|Any CPU.ActiveCfg = Release|Any CPU
		{7F20AF56-EC1F-459A-A6AE-2BF9161E59B3}.Release|Any CPU.Build.0 = Release|Any CPU
	EndGlobalSection
	GlobalSection(SolutionProperties) = preSolution
		HideSolutionNode = FALSE
	EndGlobalSection
	GlobalSection(ExtensibilityGlobals) = postSolution
		SolutionGuid = {13E187B7-70C6-4D25-8701-897D46701167}
	EndGlobalSection
EndGlobal
